
Microsoft Visual Studio Solution File, Format Version 12.00
# Visual Studio Version 16
VisualStudioVersion = 16.0.30011.22
MinimumVisualStudioVersion = 10.0.40219.1
Project("{FAE04EC0-301F-11D3-BF4B-00C04F79EFBC}") = "cscondition", "cscondition\cscondition.csproj", "{F6973BA6-1D5B-44A5-835E-9CBDB63FFE45}"
EndProject
Global
	GlobalSection(SolutionConfigurationPlatforms) = preSolution
		Debug|Any CPU = Debug|Any CPU
		Release|Any CPU = Release|Any CPU
	EndGlobalSection
	GlobalSection(ProjectConfigurationPlatforms) = postSolution
		{F6973BA6-1D5B-44A5-835E-9CBDB63FFE45}.Debug|Any CPU.ActiveCfg = Debug|Any CPU
		{F6973BA6-1D5B-44A5-835E-9CBDB63FFE45}.Debug|Any CPU.Build.0 = Debug|Any CPU
		{F6973BA6-1D5B-44A5-835E-9CBDB63FFE45}.Release|Any CPU.ActiveCfg = Release|Any CPU
		{F6973BA6-1D5B-44A5-835E-9CBDB63FFE45}.Release|Any CPU.Build.0 = Release|Any CPU
	EndGlobalSection
	GlobalSection(SolutionProperties) = preSolution
		HideSolutionNode = FALSE
	EndGlobalSection
	GlobalSection(ExtensibilityGlobals) = postSolution
		SolutionGuid = {307B064A-C3A9-4766-920E-90B959F26DF8}
	EndGlobalSection
EndGlobal
